
Microsoft Visual Studio Solution File, Format Version 12.00
# Visual Studio 15
VisualStudioVersion = 15.0.28307.168
MinimumVisualStudioVersion = 10.0.40219.1
Project("{FAE04EC0-301F-11D3-BF4B-00C04F79EFBC}") = "PasGen", "PasGen\PasGen.csproj", "{D135AFAA-1491-4F59-A085-831CDE9505D9}"
EndProject
Global
	GlobalSection(SolutionConfigurationPlatforms) = preSolution
		Debug|Any CPU = Debug|Any CPU
		Release|Any CPU = Release|Any CPU
	EndGlobalSection
	GlobalSection(ProjectConfigurationPlatforms) = postSolution
		{D135AFAA-1491-4F59-A085-831CDE9505D9}.Debug|Any CPU.ActiveCfg = Debug|Any CPU
		{D135AFAA-1491-4F59-A085-831CDE9505D9}.Debug|Any CPU.Build.0 = Debug|Any CPU
		{D135AFAA-1491-4F59-A085-831CDE9505D9}.Release|Any CPU.ActiveCfg = Release|Any CPU
		{D135AFAA-1491-4F59-A085-831CDE9505D9}.Release|Any CPU.Build.0 = Release|Any CPU
	EndGlobalSection
	GlobalSection(SolutionProperties) = preSolution
		HideSolutionNode = FALSE
	EndGlobalSection
	GlobalSection(ExtensibilityGlobals) = postSolution
		SolutionGuid = {10FD0425-6F61-45F6-ADB6-38E01BD6BDA0}
	EndGlobalSection
EndGlobal
